
Microsoft Visual Studio Solution File, Format Version 12.00
# Visual Studio Version 16
VisualStudioVersion = 16.0.31205.134
MinimumVisualStudioVersion = 10.0.40219.1
Project("{9A19103F-16F7-4668-BE54-9A1E7A4F7556}") = "CodeSamples.WebApi", "CodeSamples.WebApi\CodeSamples.WebApi.csproj", "{8166692F-FC79-4F27-8FAC-FD1D197C8EFA}"
EndProject
Project("{FAE04EC0-301F-11D3-BF4B-00C04F79EFBC}") = "CodeSamples.BusinessLayer", "CodeSamples.BusinessLayer\CodeSamples.BusinessLayer.csproj", "{CD04BA3E-2A16-45B2-962E-F31CF05B4D9E}"
EndProject
Project("{FAE04EC0-301F-11D3-BF4B-00C04F79EFBC}") = "CodeSamples.DataAccessLayer", "CodeSamples.DataAccessLayer\CodeSamples.DataAccessLayer.csproj", "{2C83A391-ADCD-48AF-9F1E-838ACE555E0A}"
EndProject
Global
	GlobalSection(SolutionConfigurationPlatforms) = preSolution
		Debug|Any CPU = Debug|Any CPU
		Release|Any CPU = Release|Any CPU
	EndGlobalSection
	GlobalSection(ProjectConfigurationPlatforms) = postSolution
		{8166692F-FC79-4F27-8FAC-FD1D197C8EFA}.Debug|Any CPU.ActiveCfg = Debug|Any CPU
		{8166692F-FC79-4F27-8FAC-FD1D197C8EFA}.Debug|Any CPU.Build.0 = Debug|Any CPU
		{8166692F-FC79-4F27-8FAC-FD1D197C8EFA}.Release|Any CPU.ActiveCfg = Release|Any CPU
		{8166692F-FC79-4F27-8FAC-FD1D197C8EFA}.Release|Any CPU.Build.0 = Release|Any CPU
		{CD04BA3E-2A16-45B2-962E-F31CF05B4D9E}.Debug|Any CPU.ActiveCfg = Debug|Any CPU
		{CD04BA3E-2A16-45B2-962E-F31CF05B4D9E}.Debug|Any CPU.Build.0 = Debug|Any CPU
		{CD04BA3E-2A16-45B2-962E-F31CF05B4D9E}.Release|Any CPU.ActiveCfg = Release|Any CPU
		{CD04BA3E-2A16-45B2-962E-F31CF05B4D9E}.Release|Any CPU.Build.0 = Release|Any CPU
		{2C83A391-ADCD-48AF-9F1E-838ACE555E0A}.Debug|Any CPU.ActiveCfg = Debug|Any CPU
		{2C83A391-ADCD-48AF-9F1E-838ACE555E0A}.Debug|Any CPU.Build.0 = Debug|Any CPU
		{2C83A391-ADCD-48AF-9F1E-838ACE555E0A}.Release|Any CPU.ActiveCfg = Release|Any CPU
		{2C83A391-ADCD-48AF-9F1E-838ACE555E0A}.Release|Any CPU.Build.0 = Release|Any CPU
	EndGlobalSection
	GlobalSection(SolutionProperties) = preSolution
		HideSolutionNode = FALSE
	EndGlobalSection
	GlobalSection(ExtensibilityGlobals) = postSolution
		SolutionGuid = {E0EB158C-3B5E-4253-A268-4DCF2545211D}
	EndGlobalSection
EndGlobal
